{
    "_readme": [
        "This file locks the dependencies of your project to a known state",
        "Read more about it at https://getcomposer.org/doc/01-basic-usage.md#installing-dependencies"
    ],
    "content-hash": "20c09a1a87a8b4b5d9f8e6b0c7d5e3f2a1b8c9d0e1f2a3b4c5d6e7f8a9b0c1d2",
    "packages": [
        {
            "name": "johnpbloch/wordpress",
            "version": "6.4.2",
            "source": {
                "type": "git",
                "url": "https://github.com/johnpbloch/wordpress.git",
                "reference": "a1b2c3d4e5f6a7b8c9d0e1f2a3b4c5d6e7f8a9b0"
            },
            "dist": {
                "type": "zip",
                "url": "https://api.github.com/repos/johnpbloch/wordpress/zipball/a1b2c3d4e5f6a7b8c9d0e1f2a3b4c5d6e7f8a9b0",
                "reference": "a1b2c3d4e5f6a7b8c9d0e1f2a3b4c5d6e7f8a9b0",
                "shasum": ""
            },
            "require": {
                "johnpbloch/wordpress-core-installer": "^1.0 || ^2.0",
                "php": ">=7.4"
            },
            "type": "wordpress-core",
            "license": [
                "GPL-2.0-or-later"
            ],
            "authors": [
                {
                    "name": "WordPress Community",
                    "homepage": "https://wordpress.org/about/"
                }
            ],
            "description": "WordPress is open source software you can use to create a beautiful website, blog, or app.",
            "homepage": "https://wordpress.org/",
            "keywords": [
                "blog",
                "cms",
                "wordpress"
            ]
        },
        {
            "name": "wpackagist-plugin/akismet",
            "version": "5.3.1",
            "source": {
                "type": "svn",
                "url": "https://plugins.svn.wordpress.org/akismet/",
                "reference": "tags/5.3.1"
            },
            "dist": {
                "type": "zip",
                "url": "https://downloads.wordpress.org/plugin/akismet.5.3.1.zip",
                "reference": null,
                "shasum": null
            },
            "require": {
                "composer/installers": "~1.0 || ~2.0"
            },
            "type": "wordpress-plugin",
            "license": [
                "GPL-2.0-or-later"
            ],
            "homepage": "https://wordpress.org/plugins/akismet/"
        },
        {
            "name": "monolog/monolog",
            "version": "3.5.0",
            "source": {
                "type": "git",
                "url": "https://github.com/Seldaek/monolog.git",
                "reference": "c915e2634718dbc8a4a15c61b0e62e7a44e14448"
            },
            "dist": {
                "type": "zip",
                "url": "https://api.github.com/repos/Seldaek/monolog/zipball/c915e2634718dbc8a4a15c61b0e62e7a44e14448",
                "reference": "c915e2634718dbc8a4a15c61b0e62e7a44e14448",
                "shasum": ""
            },
            "require": {
                "php": ">=8.1",
                "psr/log": "^2.0 || ^3.0"
            },
            "provide": {
                "psr/log-implementation": "3.0.0"
            },
            "type": "library",
            "extra": {
                "branch-alias": {
                    "dev-main": "3.x-dev"
                }
            },
            "autoload": {
                "psr-4": {
                    "Monolog\\": "src/Monolog"
                }
            },
            "license": [
                "MIT"
            ],
            "authors": [
                {
                    "name": "Jordi Boggiano",
                    "email": "j.boggiano@seld.be",
                    "homepage": "https://seld.be"
                }
            ],
            "description": "Sends your logs to files, sockets, inboxes, databases and various web services",
            "homepage": "https://github.com/Seldaek/monolog",
            "keywords": [
                "log",
                "logging",
                "psr-3"
            ]
        }
    ],
    "packages-dev": [
        {
            "name": "phpunit/phpunit",
            "version": "10.5.5",
            "source": {
                "type": "git",
                "url": "https://github.com/sebastianbergmann/phpunit.git",
                "reference": "b58df1c2a4fdd0cfc24834c8a1cb8c0aa4d5c9f2"
            },
            "dist": {
                "type": "zip",
                "url": "https://api.github.com/repos/sebastianbergmann/phpunit/zipball/b58df1c2a4fdd0cfc24834c8a1cb8c0aa4d5c9f2",
                "reference": "b58df1c2a4fdd0cfc24834c8a1cb8c0aa4d5c9f2",
                "shasum": ""
            },
            "require": {
                "ext-dom": "*",
                "ext-json": "*",
                "ext-libxml": "*",
                "ext-mbstring": "*",
                "ext-xml": "*",
                "ext-xmlwriter": "*",
                "myclabs/deep-copy": "^1.10.1",
                "phar-io/manifest": "^2.0.3",
                "phar-io/version": "^3.0.2",
                "php": ">=8.1",
                "phpunit/php-code-coverage": "^10.1.5",
                "phpunit/php-file-iterator": "^4.0",
                "phpunit/php-invoker": "^4.0",
                "phpunit/php-text-template": "^3.0",
                "phpunit/php-timer": "^6.0",
                "sebastian/cli-parser": "^2.0",
                "sebastian/code-unit": "^2.0",
                "sebastian/comparator": "^5.0",
                "sebastian/diff": "^5.0",
                "sebastian/environment": "^6.0",
                "sebastian/exporter": "^5.1",
                "sebastian/global-state": "^6.0.1",
                "sebastian/object-enumerator": "^5.0",
                "sebastian/recursion-context": "^5.0",
                "sebastian/type": "^4.0",
                "sebastian/version": "^4.0"
            },
            "suggest": {
                "ext-soap": "To be able to generate mocks based on WSDL files"
            },
            "bin": [
                "phpunit"
            ],
            "type": "library",
            "extra": {
                "branch-alias": {
                    "dev-main": "10.5-dev"
                }
            },
            "autoload": {
                "files": [
                    "src/Framework/Assert/Functions.php"
                ],
                "psr-4": {
                    "PHPUnit\\": "src/"
                }
            },
            "license": [
                "BSD-3-Clause"
            ],
            "authors": [
                {
                    "name": "Sebastian Bergmann",
                    "email": "sebastian@phpunit.de",
                    "role": "lead"
                }
            ],
            "description": "The PHP Unit Testing framework.",
            "homepage": "https://phpunit.de/",
            "keywords": [
                "phpunit",
                "testing",
                "xunit"
            ]
        }
    ],
    "aliases": [],
    "minimum-stability": "stable",
    "stability-flags": [],
    "prefer-stable": true,
    "prefer-lowest": false,
    "platform": {
        "php": ">=8.1"
    },
    "platform-dev": [],
    "plugin-api-version": "2.6.0"
}